
Microsoft Visual Studio Solution File, Format Version 12.00
# Visual Studio Version 17
VisualStudioVersion = 17.5.002.0
MinimumVisualStudioVersion = 10.0.40219.1
Project("{9A19103F-16F7-4668-BE54-9A1E7A4F7556}") = "pub", "pub\pub.csproj", "{16BE4D2F-2B82-4284-98AA-75DBA5BD8E6B}"
EndProject
Project("{9A19103F-16F7-4668-BE54-9A1E7A4F7556}") = "sub", "sub\sub.csproj", "{6EC5478D-5F99-47B0-B06E-2F048AD29EB8}"
EndProject
Global
	GlobalSection(SolutionConfigurationPlatforms) = preSolution
		Debug|Any CPU = Debug|Any CPU
		Release|Any CPU = Release|Any CPU
	EndGlobalSection
	GlobalSection(ProjectConfigurationPlatforms) = postSolution
		{16BE4D2F-2B82-4284-98AA-75DBA5BD8E6B}.Debug|Any CPU.ActiveCfg = Debug|Any CPU
		{16BE4D2F-2B82-4284-98AA-75DBA5BD8E6B}.Debug|Any CPU.Build.0 = Debug|Any CPU
		{16BE4D2F-2B82-4284-98AA-75DBA5BD8E6B}.Release|Any CPU.ActiveCfg = Release|Any CPU
		{16BE4D2F-2B82-4284-98AA-75DBA5BD8E6B}.Release|Any CPU.Build.0 = Release|Any CPU
		{6EC5478D-5F99-47B0-B06E-2F048AD29EB8}.Debug|Any CPU.ActiveCfg = Debug|Any CPU
		{6EC5478D-5F99-47B0-B06E-2F048AD29EB8}.Debug|Any CPU.Build.0 = Debug|Any CPU
		{6EC5478D-5F99-47B0-B06E-2F048AD29EB8}.Release|Any CPU.ActiveCfg = Release|Any CPU
		{6EC5478D-5F99-47B0-B06E-2F048AD29EB8}.Release|Any CPU.Build.0 = Release|Any CPU
	EndGlobalSection
	GlobalSection(SolutionProperties) = preSolution
		HideSolutionNode = FALSE
	EndGlobalSection
	GlobalSection(ExtensibilityGlobals) = postSolution
		SolutionGuid = {199332F5-2143-427F-8BF0-6A66465206A2}
	EndGlobalSection
EndGlobal
